
Microsoft Visual Studio Solution File, Format Version 12.00
# Visual Studio Version 16
VisualStudioVersion = 16.0.30002.166
MinimumVisualStudioVersion = 10.0.40219.1
Project("{FAE04EC0-301F-11D3-BF4B-00C04F79EFBC}") = "Ferme", "Ferme\Ferme.csproj", "{106F3D95-3C5D-4C8F-8770-C48112D5A175}"
EndProject
Global
	GlobalSection(SolutionConfigurationPlatforms) = preSolution
		Debug|Any CPU = Debug|Any CPU
		Release|Any CPU = Release|Any CPU
	EndGlobalSection
	GlobalSection(ProjectConfigurationPlatforms) = postSolution
		{106F3D95-3C5D-4C8F-8770-C48112D5A175}.Debug|Any CPU.ActiveCfg = Debug|Any CPU
		{106F3D95-3C5D-4C8F-8770-C48112D5A175}.Debug|Any CPU.Build.0 = Debug|Any CPU
		{106F3D95-3C5D-4C8F-8770-C48112D5A175}.Release|Any CPU.ActiveCfg = Release|Any CPU
		{106F3D95-3C5D-4C8F-8770-C48112D5A175}.Release|Any CPU.Build.0 = Release|Any CPU
	EndGlobalSection
	GlobalSection(SolutionProperties) = preSolution
		HideSolutionNode = FALSE
	EndGlobalSection
	GlobalSection(ExtensibilityGlobals) = postSolution
		SolutionGuid = {CF39F8D3-AE38-4A6C-B458-D33909670089}
	EndGlobalSection
EndGlobal
